
Microsoft Visual Studio Solution File, Format Version 12.00
# Visual Studio Version 16
VisualStudioVersion = 16.0.32630.194
MinimumVisualStudioVersion = 10.0.40219.1
Project("{FAE04EC0-301F-11D3-BF4B-00C04F79EFBC}") = "Mechwart_lab_proj_v1", "Mechwart_lab_proj_v1\Mechwart_lab_proj_v1.csproj", "{58FCB380-5CDF-468C-87C5-6C4D7D995DB2}"
EndProject
Global
	GlobalSection(SolutionConfigurationPlatforms) = preSolution
		Debug|Any CPU = Debug|Any CPU
		Release|Any CPU = Release|Any CPU
	EndGlobalSection
	GlobalSection(ProjectConfigurationPlatforms) = postSolution
		{58FCB380-5CDF-468C-87C5-6C4D7D995DB2}.Debug|Any CPU.ActiveCfg = Debug|Any CPU
		{58FCB380-5CDF-468C-87C5-6C4D7D995DB2}.Debug|Any CPU.Build.0 = Debug|Any CPU
		{58FCB380-5CDF-468C-87C5-6C4D7D995DB2}.Release|Any CPU.ActiveCfg = Release|Any CPU
		{58FCB380-5CDF-468C-87C5-6C4D7D995DB2}.Release|Any CPU.Build.0 = Release|Any CPU
	EndGlobalSection
	GlobalSection(SolutionProperties) = preSolution
		HideSolutionNode = FALSE
	EndGlobalSection
	GlobalSection(ExtensibilityGlobals) = postSolution
		SolutionGuid = {46F534E4-EA03-4113-A910-46044E04FAA8}
	EndGlobalSection
EndGlobal
